
Microsoft Visual Studio Solution File, Format Version 12.00
# Visual Studio 15
VisualStudioVersion = 15.0.26403.0
MinimumVisualStudioVersion = 10.0.40219.1
Project("{FAE04EC0-301F-11D3-BF4B-00C04F79EFBC}") = "Chat_Parcial", "Chat_Parcial\Chat_Parcial.csproj", "{C55FF232-C78C-4AA1-AA21-351765EF399B}"
EndProject
Project("{FAE04EC0-301F-11D3-BF4B-00C04F79EFBC}") = "Remote_Lbl", "Remote_Lbl\Remote_Lbl.csproj", "{EF729DC7-3B26-43BB-93C3-FFDF9C99D12C}"
EndProject
Global
	GlobalSection(SolutionConfigurationPlatforms) = preSolution
		Debug|Any CPU = Debug|Any CPU
		Release|Any CPU = Release|Any CPU
	EndGlobalSection
	GlobalSection(ProjectConfigurationPlatforms) = postSolution
		{C55FF232-C78C-4AA1-AA21-351765EF399B}.Debug|Any CPU.ActiveCfg = Debug|Any CPU
		{C55FF232-C78C-4AA1-AA21-351765EF399B}.Debug|Any CPU.Build.0 = Debug|Any CPU
		{C55FF232-C78C-4AA1-AA21-351765EF399B}.Release|Any CPU.ActiveCfg = Release|Any CPU
		{C55FF232-C78C-4AA1-AA21-351765EF399B}.Release|Any CPU.Build.0 = Release|Any CPU
		{EF729DC7-3B26-43BB-93C3-FFDF9C99D12C}.Debug|Any CPU.ActiveCfg = Debug|Any CPU
		{EF729DC7-3B26-43BB-93C3-FFDF9C99D12C}.Debug|Any CPU.Build.0 = Debug|Any CPU
		{EF729DC7-3B26-43BB-93C3-FFDF9C99D12C}.Release|Any CPU.ActiveCfg = Release|Any CPU
		{EF729DC7-3B26-43BB-93C3-FFDF9C99D12C}.Release|Any CPU.Build.0 = Release|Any CPU
	EndGlobalSection
	GlobalSection(SolutionProperties) = preSolution
		HideSolutionNode = FALSE
	EndGlobalSection
EndGlobal
